
Microsoft Visual Studio Solution File, Format Version 12.00
# Visual Studio Version 16
VisualStudioVersion = 16.0.29025.244
MinimumVisualStudioVersion = 10.0.40219.1
Project("{9A19103F-16F7-4668-BE54-9A1E7A4F7556}") = "FsCheckCSharp", "src\FsCheckCSharp\FsCheckCSharp.csproj", "{C0CB4A73-B7B7-4F5F-9C9E-85C7472D23F6}"
EndProject
Global
	GlobalSection(SolutionConfigurationPlatforms) = preSolution
		Debug|Any CPU = Debug|Any CPU
		Release|Any CPU = Release|Any CPU
	EndGlobalSection
	GlobalSection(ProjectConfigurationPlatforms) = postSolution
		{C0CB4A73-B7B7-4F5F-9C9E-85C7472D23F6}.Debug|Any CPU.ActiveCfg = Debug|Any CPU
		{C0CB4A73-B7B7-4F5F-9C9E-85C7472D23F6}.Debug|Any CPU.Build.0 = Debug|Any CPU
		{C0CB4A73-B7B7-4F5F-9C9E-85C7472D23F6}.Release|Any CPU.ActiveCfg = Release|Any CPU
		{C0CB4A73-B7B7-4F5F-9C9E-85C7472D23F6}.Release|Any CPU.Build.0 = Release|Any CPU
	EndGlobalSection
	GlobalSection(SolutionProperties) = preSolution
		HideSolutionNode = FALSE
	EndGlobalSection
	GlobalSection(ExtensibilityGlobals) = postSolution
		SolutionGuid = {16A0779D-9D73-4FFC-A971-8062EC6A67BE}
	EndGlobalSection
EndGlobal
